{
  "lockfile_version": "1",
  "packages": {
    "dotnet-sdk@latest": {
      "last_modified": "2025-10-07T08:41:47Z",
      "resolved": "github:NixOS/nixpkgs/bce5fe2bb998488d8e7e7856315f90496723793c#dotnet-sdk",
      "source": "devbox-search",
      "version": "8.0.414",
      "systems": {
        "aarch64-darwin": {
          "outputs": [
            {
              "name": "out",
              "path": "/nix/store/72sh2z0lsz0sw5ksxhvzynmydclmkzdz-dotnet-sdk-wrapped-8.0.414",
              "default": true
            }
          ],
          "store_path": "/nix/store/72sh2z0lsz0sw5ksxhvzynmydclmkzdz-dotnet-sdk-wrapped-8.0.414"
        },
        "aarch64-linux": {
          "outputs": [
            {
              "name": "out",
              "path": "/nix/store/ni0rmsrk0r9zgp5hfkv25i3la4z6f0lb-dotnet-sdk-wrapped-8.0.414",
              "default": true
            }
          ],
          "store_path": "/nix/store/ni0rmsrk0r9zgp5hfkv25i3la4z6f0lb-dotnet-sdk-wrapped-8.0.414"
        },
        "x86_64-darwin": {
          "outputs": [
            {
              "name": "out",
              "path": "/nix/store/xnqmx4r6f7cxkz67k0ycaq0whnhl02lx-dotnet-sdk-wrapped-8.0.414",
              "default": true
            }
          ],
          "store_path": "/nix/store/xnqmx4r6f7cxkz67k0ycaq0whnhl02lx-dotnet-sdk-wrapped-8.0.414"
        },
        "x86_64-linux": {
          "outputs": [
            {
              "name": "out",
              "path": "/nix/store/wl2qwz77rhzvi9wd97316achla40csvm-dotnet-sdk-wrapped-8.0.414",
              "default": true
            }
          ],
          "store_path": "/nix/store/wl2qwz77rhzvi9wd97316achla40csvm-dotnet-sdk-wrapped-8.0.414"
        }
      }
    },
    "github:NixOS/nixpkgs/nixpkgs-unstable": {
      "last_modified": "2025-10-24T23:52:36Z",
      "resolved": "github:NixOS/nixpkgs/02f2cb8e0feb4596d20cc52fda73ccee960e3538?lastModified=1761349956&narHash=sha256-tH3wHnOJms%2BU4k%2FrK2Nn1RfBrhffX92jLP%2F2VndSn0w%3D"
    }
  }
}
