
Microsoft Visual Studio Solution File, Format Version 12.00
Project("{FAE04EC0-301F-11D3-BF4B-00C04F79EFBC}") = "Normalizer", "Normalizer\Normalizer.csproj", "{BBF5B08E-F11B-484D-81A0-7E5BB2E1C6E7}"
EndProject
Project("{FAE04EC0-301F-11D3-BF4B-00C04F79EFBC}") = "DotnetAggregator", "DotnetAggregator\DotnetAggregator.csproj", "{043EE5F6-7B8A-4D5E-B80A-B2D05C4060DB}"
EndProject
Global
	GlobalSection(SolutionConfigurationPlatforms) = preSolution
		Debug|Any CPU = Debug|Any CPU
		Release|Any CPU = Release|Any CPU
	EndGlobalSection
	GlobalSection(ProjectConfigurationPlatforms) = postSolution
		{BBF5B08E-F11B-484D-81A0-7E5BB2E1C6E7}.Debug|Any CPU.ActiveCfg = Debug|Any CPU
		{BBF5B08E-F11B-484D-81A0-7E5BB2E1C6E7}.Debug|Any CPU.Build.0 = Debug|Any CPU
		{BBF5B08E-F11B-484D-81A0-7E5BB2E1C6E7}.Release|Any CPU.ActiveCfg = Release|Any CPU
		{BBF5B08E-F11B-484D-81A0-7E5BB2E1C6E7}.Release|Any CPU.Build.0 = Release|Any CPU
		{043EE5F6-7B8A-4D5E-B80A-B2D05C4060DB}.Debug|Any CPU.ActiveCfg = Debug|Any CPU
		{043EE5F6-7B8A-4D5E-B80A-B2D05C4060DB}.Debug|Any CPU.Build.0 = Debug|Any CPU
		{043EE5F6-7B8A-4D5E-B80A-B2D05C4060DB}.Release|Any CPU.ActiveCfg = Release|Any CPU
		{043EE5F6-7B8A-4D5E-B80A-B2D05C4060DB}.Release|Any CPU.Build.0 = Release|Any CPU
	EndGlobalSection
EndGlobal
